<?xml version="1.0" encoding="utf-8"?>
<Project ToolsVersion="4.0" xmlns="http://schemas.microsoft.com/developer/msbuild/2003">
  <ItemGroup>
    <ClCompile Include="Include\imgui-master\imgui_demo.cpp">
      <Filter>External Libs</Filter>
    </ClCompile>
    <ClCompile Include="Include\imgui-master\imgui_draw.cpp">
      <Filter>External Libs</Filter>
    </ClCompile>
    <ClCompile Include="Include\imgui-master\examples\imgui_impl_glfw.cpp">
      <Filter>External Libs</Filter>
    </ClCompile>
    <ClCompile Include="Include\imgui-master\examples\imgui_impl_opengl3.cpp">
      <Filter>External Libs</Filter>
    </ClCompile>
    <ClCompile Include="Include\imgui-master\imgui_widgets.cpp">
      <Filter>External Libs</Filter>
    </ClCompile>
    <ClCompile Include="Include\imgui-master\imgui.cpp">
      <Filter>External Libs</Filter>
    </ClCompile>
    <ClCompile Include="Include\glad\glad.c">
      <Filter>External Libs</Filter>
    </ClCompile>
    <ClCompile Include="Source\Engine\Scene\Object\model.cpp">
      <Filter>Engine\Scene\Object</Filter>
    </ClCompile>
    <ClCompile Include="Source\Engine\Scene\Object\Material\Texture\texture.cpp">
      <Filter>Engine\Scene\Object\Material\Texture</Filter>
    </ClCompile>
    <ClCompile Include="Source\Engine\main.cpp">
      <Filter>Engine</Filter>
    </ClCompile>
    <ClCompile Include="Source\Engine\Scene\scene.cpp">
      <Filter>Engine\Scene</Filter>
    </ClCompile>
    <ClCompile Include="Source\Engine\Scene\Object\plane.cpp">
      <Filter>Engine\Scene\Object</Filter>
    </ClCompile>
    <ClCompile Include="Source\Engine\Scene\Object\object.cpp">
      <Filter>Engine\Scene\Object</Filter>
    </ClCompile>
    <ClCompile Include="Source\Engine\GUI\guiEntity.cpp">
      <Filter>Engine\Gui</Filter>
    </ClCompile>
    <ClCompile Include="Source\Engine\Scene\Object\box.cpp">
      <Filter>Engine\Scene\Object</Filter>
    </ClCompile>
    <ClCompile Include="Source\Engine\Scene\Object\Material\material.cpp">
      <Filter>Engine\Scene\Object\Material</Filter>
    </ClCompile>
    <ClCompile Include="Source\Engine\Scene\Light\light.cpp">
      <Filter>Engine\Scene\Light</Filter>
    </ClCompile>
    <ClCompile Include="Source\Engine\Scene\Light\pointLight.cpp">
      <Filter>Engine\Scene\Light</Filter>
    </ClCompile>
    <ClCompile Include="Source\Engine\Render\render.cpp">
      <Filter>Engine\Render</Filter>
    </ClCompile>
    <ClCompile Include="Source\Engine\Render\Camera\fpsCamera.cpp">
      <Filter>Engine\Render\Camera</Filter>
    </ClCompile>
    <ClCompile Include="Source\Engine\Render\Camera\editorCamera.cpp">
      <Filter>Engine\Render\Camera</Filter>
    </ClCompile>
  </ItemGroup>
  <ItemGroup>
    <ClInclude Include="Include\imgui-master\examples\imgui_impl_glfw.h">
      <Filter>External Libs</Filter>
    </ClInclude>
    <ClInclude Include="Include\imgui-master\examples\imgui_impl_opengl3.h">
      <Filter>External Libs</Filter>
    </ClInclude>
    <ClInclude Include="Include\imgui-master\imgui_internal.h">
      <Filter>External Libs</Filter>
    </ClInclude>
    <ClInclude Include="Include\imgui-master\imstb_rectpack.h">
      <Filter>External Libs</Filter>
    </ClInclude>
    <ClInclude Include="Include\imgui-master\imstb_textedit.h">
      <Filter>External Libs</Filter>
    </ClInclude>
    <ClInclude Include="Include\imgui-master\imstb_truetype.h">
      <Filter>External Libs</Filter>
    </ClInclude>
    <ClInclude Include="Include\imgui-master\imgui.h">
      <Filter>External Libs</Filter>
    </ClInclude>
    <ClInclude Include="Include\imgui-master\imconfig.h">
      <Filter>External Libs</Filter>
    </ClInclude>
    <ClInclude Include="Include\stb_image.h">
      <Filter>External Libs</Filter>
    </ClInclude>
    <ClInclude Include="Source\Engine\Scene\Object\model.h">
      <Filter>Engine\Scene\Object</Filter>
    </ClInclude>
    <ClInclude Include="Source\Engine\Scene\Object\Material\Texture\texture.h">
      <Filter>Engine\Scene\Object\Material\Texture</Filter>
    </ClInclude>
    <ClInclude Include="Source\Engine\Scene\Object\Material\Texture\texturesHolder.h">
      <Filter>Engine\Scene\Object\Material\Texture</Filter>
    </ClInclude>
    <ClInclude Include="Source\Engine\Render\shader.h">
      <Filter>Engine\Render</Filter>
    </ClInclude>
    <ClInclude Include="Source\Engine\Transformations\transformationObject.h">
      <Filter>Engine\Transformation</Filter>
    </ClInclude>
    <ClInclude Include="Source\Engine\Scene\scene.h">
      <Filter>Engine\Scene</Filter>
    </ClInclude>
    <ClInclude Include="Source\Engine\Scene\Object\plane.h">
      <Filter>Engine\Scene\Object</Filter>
    </ClInclude>
    <ClInclude Include="Source\Engine\Scene\Object\object.h">
      <Filter>Engine\Scene\Object</Filter>
    </ClInclude>
    <ClInclude Include="Source\Engine\GUI\gui.h">
      <Filter>Engine\Gui</Filter>
    </ClInclude>
    <ClInclude Include="Source\Engine\GUI\guiEntity.h">
      <Filter>Engine\Gui</Filter>
    </ClInclude>
    <ClInclude Include="Source\Engine\Scene\Object\box.h">
      <Filter>Engine\Scene\Object</Filter>
    </ClInclude>
    <ClInclude Include="Source\Engine\Scene\Object\mesh.h">
      <Filter>Engine\Scene\Object</Filter>
    </ClInclude>
    <ClInclude Include="Source\Engine\Scene\Object\Material\material.h">
      <Filter>Engine\Scene\Object\Material</Filter>
    </ClInclude>
    <ClInclude Include="Source\Engine\Scene\Light\directionalLight.h">
      <Filter>Engine\Scene\Light</Filter>
    </ClInclude>
    <ClInclude Include="Source\Engine\Scene\Light\light.h">
      <Filter>Engine\Scene\Light</Filter>
    </ClInclude>
    <ClInclude Include="Source\Engine\Scene\Light\pointLight.h">
      <Filter>Engine\Scene\Light</Filter>
    </ClInclude>
    <ClInclude Include="Source\Engine\Render\Render.h">
      <Filter>Engine\Render</Filter>
    </ClInclude>
    <ClInclude Include="Source\Engine\Render\fbo.h">
      <Filter>Engine\Render</Filter>
    </ClInclude>
    <ClInclude Include="Source\Engine\Render\Camera\fpsCamera.h">
      <Filter>Engine\Render\Camera</Filter>
    </ClInclude>
    <ClInclude Include="Source\Engine\Render\Camera\camera.h">
      <Filter>Engine\Render\Camera</Filter>
    </ClInclude>
    <ClInclude Include="Source\Engine\Render\Camera\editorCamera.h">
      <Filter>Engine\Render\Camera</Filter>
    </ClInclude>
    <ClInclude Include="Source\Engine\Misc\time.h">
      <Filter>Engine\Misc</Filter>
    </ClInclude>
    <ClInclude Include="Source\Engine\Misc\utilities.h">
      <Filter>Engine\Misc</Filter>
    </ClInclude>
    <ClInclude Include="Source\Engine\Misc\windowsUtil.h">
      <Filter>Engine\Misc</Filter>
    </ClInclude>
    <ClInclude Include="Source\Engine\Input\input.h">
      <Filter>Engine\Misc</Filter>
    </ClInclude>
  </ItemGroup>
  <ItemGroup>
    <Filter Include="External Libs">
      <UniqueIdentifier>{8dbde677-1994-490b-a7fb-e1b254e10e32}</UniqueIdentifier>
    </Filter>
    <Filter Include="Engine">
      <UniqueIdentifier>{09d69121-559a-4dd8-b80e-1ce1abc21e31}</UniqueIdentifier>
    </Filter>
    <Filter Include="Engine\Render">
      <UniqueIdentifier>{6b1d3cb3-f20b-4c80-a7f2-87b4198d27b5}</UniqueIdentifier>
    </Filter>
    <Filter Include="Engine\Render\Camera">
      <UniqueIdentifier>{84ff1fd6-7cd6-4b22-b3d7-c57d5707b375}</UniqueIdentifier>
    </Filter>
    <Filter Include="Engine\Scene">
      <UniqueIdentifier>{7dd0e9e6-8ae2-4613-bf2f-ab8790813875}</UniqueIdentifier>
    </Filter>
    <Filter Include="Engine\Scene\Light">
      <UniqueIdentifier>{a7f9be57-a77f-4c68-bc80-fe414a1b9560}</UniqueIdentifier>
    </Filter>
    <Filter Include="Engine\Scene\Object">
      <UniqueIdentifier>{f76fdd4f-e2d7-4db6-9119-71bb32f8c4c8}</UniqueIdentifier>
    </Filter>
    <Filter Include="Engine\Scene\Object\Material">
      <UniqueIdentifier>{de82281c-3120-4c0b-af64-87f77f0c7064}</UniqueIdentifier>
    </Filter>
    <Filter Include="Engine\Scene\Object\Material\Texture">
      <UniqueIdentifier>{ec514971-d65e-4fc5-a77b-fafd48fd295b}</UniqueIdentifier>
    </Filter>
    <Filter Include="Engine\Gui">
      <UniqueIdentifier>{5ba94586-c9ef-43cc-824b-242af0310739}</UniqueIdentifier>
    </Filter>
    <Filter Include="Engine\Misc">
      <UniqueIdentifier>{6d8a57eb-1da0-4448-bc2a-75c019363f4f}</UniqueIdentifier>
    </Filter>
    <Filter Include="Engine\Transformation">
      <UniqueIdentifier>{78578938-345a-4215-9601-324b075a1c4f}</UniqueIdentifier>
    </Filter>
  </ItemGroup>
</Project>