<?xml version="1.0" encoding="utf-8"?>
<Project ToolsVersion="4.0" xmlns="http://schemas.microsoft.com/developer/msbuild/2003">
  <ItemGroup>
    <ClCompile Include="Source\Main.cpp" />
    <ClCompile Include="Include\imgui-master\imgui_demo.cpp">
      <Filter>External Libs</Filter>
    </ClCompile>
    <ClCompile Include="Include\imgui-master\imgui_draw.cpp">
      <Filter>External Libs</Filter>
    </ClCompile>
    <ClCompile Include="Include\imgui-master\examples\imgui_impl_glfw.cpp">
      <Filter>External Libs</Filter>
    </ClCompile>
    <ClCompile Include="Include\imgui-master\examples\imgui_impl_opengl3.cpp">
      <Filter>External Libs</Filter>
    </ClCompile>
    <ClCompile Include="Include\imgui-master\imgui_widgets.cpp">
      <Filter>External Libs</Filter>
    </ClCompile>
    <ClCompile Include="Source\Object\Box.cpp">
      <Filter>Scene\Objects</Filter>
    </ClCompile>
    <ClCompile Include="Source\Object\Plane.cpp">
      <Filter>Scene\Objects</Filter>
    </ClCompile>
    <ClCompile Include="Include\imgui-master\imgui.cpp">
      <Filter>External Libs</Filter>
    </ClCompile>
    <ClCompile Include="Source\Camera\FPS_Camera.cpp">
      <Filter>Scene\Camera</Filter>
    </ClCompile>
    <ClCompile Include="Source\GUI\GUI.cpp">
      <Filter>GUI</Filter>
    </ClCompile>
    <ClCompile Include="Source\Render\Render.cpp">
      <Filter>Engine</Filter>
    </ClCompile>
    <ClCompile Include="Source\Light\PointLight.cpp">
      <Filter>Scene\Lighting</Filter>
    </ClCompile>
    <ClCompile Include="Source\Material\Material.cpp">
      <Filter>Scene\Objects\Material</Filter>
    </ClCompile>
    <ClCompile Include="Source\Object\Mesh.h">
      <Filter>Scene\Objects</Filter>
    </ClCompile>
    <ClCompile Include="Source\Object\model.cpp">
      <Filter>Scene\Objects</Filter>
    </ClCompile>
    <ClCompile Include="Source\Material\texture.cpp">
      <Filter>Scene\Objects\Material\Texture</Filter>
    </ClCompile>
    <ClCompile Include="Include\glad\glad.c">
      <Filter>External Libs</Filter>
    </ClCompile>
  </ItemGroup>
  <ItemGroup>
    <ClInclude Include="Include\imgui-master\examples\imgui_impl_glfw.h">
      <Filter>External Libs</Filter>
    </ClInclude>
    <ClInclude Include="Include\imgui-master\examples\imgui_impl_opengl3.h">
      <Filter>External Libs</Filter>
    </ClInclude>
    <ClInclude Include="Include\imgui-master\imgui_internal.h">
      <Filter>External Libs</Filter>
    </ClInclude>
    <ClInclude Include="Include\imgui-master\imstb_rectpack.h">
      <Filter>External Libs</Filter>
    </ClInclude>
    <ClInclude Include="Include\imgui-master\imstb_textedit.h">
      <Filter>External Libs</Filter>
    </ClInclude>
    <ClInclude Include="Include\imgui-master\imstb_truetype.h">
      <Filter>External Libs</Filter>
    </ClInclude>
    <ClInclude Include="Source\Object\Box.h">
      <Filter>Scene\Objects</Filter>
    </ClInclude>
    <ClInclude Include="Source\Object\Object.h">
      <Filter>Scene\Objects</Filter>
    </ClInclude>
    <ClInclude Include="Source\Object\Plane.h">
      <Filter>Scene\Objects</Filter>
    </ClInclude>
    <ClInclude Include="Include\imgui-master\imgui.h">
      <Filter>External Libs</Filter>
    </ClInclude>
    <ClInclude Include="Include\imgui-master\imconfig.h">
      <Filter>External Libs</Filter>
    </ClInclude>
    <ClInclude Include="Source\Light\DirectionalLight.h">
      <Filter>Scene\Lighting</Filter>
    </ClInclude>
    <ClInclude Include="Source\Camera\Camera.h">
      <Filter>Scene\Camera</Filter>
    </ClInclude>
    <ClInclude Include="Source\Camera\Editor_Camera.h">
      <Filter>Scene\Camera</Filter>
    </ClInclude>
    <ClInclude Include="Source\Camera\FPS_Camera.h">
      <Filter>Scene\Camera</Filter>
    </ClInclude>
    <ClInclude Include="Source\GUI\GUI.h">
      <Filter>GUI</Filter>
    </ClInclude>
    <ClInclude Include="Source\Render\Render.h">
      <Filter>Engine</Filter>
    </ClInclude>
    <ClInclude Include="Source\shader.h">
      <Filter>Engine</Filter>
    </ClInclude>
    <ClInclude Include="Source\Light\PointLight.h">
      <Filter>Scene\Lighting</Filter>
    </ClInclude>
    <ClInclude Include="Source\Light\Light.h">
      <Filter>Scene\Lighting</Filter>
    </ClInclude>
    <ClInclude Include="Source\Render\FBO.h">
      <Filter>Engine</Filter>
    </ClInclude>
    <ClInclude Include="Source\Input\Input.h">
      <Filter>Misc</Filter>
    </ClInclude>
    <ClInclude Include="Source\Utilities.h">
      <Filter>Misc</Filter>
    </ClInclude>
    <ClInclude Include="Source\Misc\Time.h">
      <Filter>Misc</Filter>
    </ClInclude>
    <ClInclude Include="Source\Material\Material.h">
      <Filter>Scene\Objects\Material</Filter>
    </ClInclude>
    <ClInclude Include="Source\Transformations\transformationObject.h">
      <Filter>Scene\Transformations</Filter>
    </ClInclude>
    <ClInclude Include="Source\Misc\WindowsUtil.h">
      <Filter>Misc</Filter>
    </ClInclude>
    <ClInclude Include="Source\Material\texturesHolder.h">
      <Filter>Scene\Objects\Material\Texture</Filter>
    </ClInclude>
    <ClInclude Include="Source\Material\texture.h">
      <Filter>Scene\Objects\Material\Texture</Filter>
    </ClInclude>
    <ClInclude Include="Source\Object\model.h">
      <Filter>Scene\Objects</Filter>
    </ClInclude>
    <ClInclude Include="Include\stb_image.h">
      <Filter>External Libs</Filter>
    </ClInclude>
    <ClInclude Include="Source\Scene\Scene.h">
      <Filter>Scene</Filter>
    </ClInclude>
  </ItemGroup>
  <ItemGroup>
    <Filter Include="External Libs">
      <UniqueIdentifier>{8dbde677-1994-490b-a7fb-e1b254e10e32}</UniqueIdentifier>
    </Filter>
    <Filter Include="Scene">
      <UniqueIdentifier>{4e45e008-aa9d-4bb0-8159-09e67b9b21dd}</UniqueIdentifier>
    </Filter>
    <Filter Include="Scene\Objects">
      <UniqueIdentifier>{070f7cb7-cc1c-44ca-b57c-77560321af50}</UniqueIdentifier>
    </Filter>
    <Filter Include="Scene\Lighting">
      <UniqueIdentifier>{49866c54-c933-47bf-8149-b8c050f59a13}</UniqueIdentifier>
    </Filter>
    <Filter Include="Scene\Camera">
      <UniqueIdentifier>{08d45d11-83f0-45a5-85df-d90f654da2e3}</UniqueIdentifier>
    </Filter>
    <Filter Include="GUI">
      <UniqueIdentifier>{8b555a94-3972-4f43-9218-d2f0fb224020}</UniqueIdentifier>
    </Filter>
    <Filter Include="Engine">
      <UniqueIdentifier>{c36f9e16-f51d-4005-a5fe-1ccbcd5b7d07}</UniqueIdentifier>
    </Filter>
    <Filter Include="Misc">
      <UniqueIdentifier>{32aa1f2e-5cb9-4f99-ae06-699638ac5294}</UniqueIdentifier>
    </Filter>
    <Filter Include="Scene\Transformations">
      <UniqueIdentifier>{c5a51e82-64c0-462c-ad6e-d936b07324ba}</UniqueIdentifier>
    </Filter>
    <Filter Include="Scene\Objects\Material">
      <UniqueIdentifier>{420375e1-2a22-4737-acac-edb3647ea79f}</UniqueIdentifier>
    </Filter>
    <Filter Include="Scene\Objects\Material\Texture">
      <UniqueIdentifier>{105daa06-71cc-4bdb-ac7d-2b5d64915f28}</UniqueIdentifier>
    </Filter>
  </ItemGroup>
</Project>